# This file is autogenerated, do not edit; changes may be undone by the next 'dep ensure'.


[[projects]]
  branch = "master"
  name = "github.com/cbergoon/merkletree"
  packages = ["."]
  revision = "348a355d86ed09842d79abcc19e3b1495d346d16"

[[projects]]
  branch = "master"
  name = "github.com/golang/snappy"
  packages = ["."]
  revision = "2e65f85255dbc3072edf28d6b5b8efc472979f5a"

[[projects]]
  branch = "master"
  name = "github.com/syndtr/goleveldb"
  packages = [
    "leveldb",
    "leveldb/cache",
    "leveldb/comparer",
    "leveldb/errors",
    "leveldb/filter",
    "leveldb/iterator",
    "leveldb/journal",
    "leveldb/memdb",
    "leveldb/opt",
    "leveldb/storage",
    "leveldb/table",
    "leveldb/util"
  ]
  revision = "c4c61651e9e37fa117f53c5a906d3b63090d8445"

[solve-meta]
  analyzer-name = "dep"
  analyzer-version = 1
  inputs-digest = "78ffd17d47da427da12ab79a9ecbbf1a76e285c12c5d3e78fd6a10e811f1acae"
  solver-name = "gps-cdcl"
  solver-version = 1
